
Microsoft Visual Studio Solution File, Format Version 12.00
# Visual Studio Version 17
VisualStudioVersion = 17.8.34316.72
MinimumVisualStudioVersion = 10.0.40219.1
Project("{FAE04EC0-301F-11D3-BF4B-00C04F79EFBC}") = "Maslova_cs_pr21-22", "Maslova_cs_pr21-23\Maslova_cs_pr21-22.csproj", "{AFB4FB64-6C2A-412B-8843-3BB490AF32BF}"
EndProject
Project("{FAE04EC0-301F-11D3-BF4B-00C04F79EFBC}") = "Pr22_task1", "Pr22_task1\Pr22_task1.csproj", "{C2972659-784A-4941-8D1E-8FCF49B8F6CD}"
EndProject
Global
	GlobalSection(SolutionConfigurationPlatforms) = preSolution
		Debug|Any CPU = Debug|Any CPU
		Release|Any CPU = Release|Any CPU
	EndGlobalSection
	GlobalSection(ProjectConfigurationPlatforms) = postSolution
		{AFB4FB64-6C2A-412B-8843-3BB490AF32BF}.Debug|Any CPU.ActiveCfg = Debug|Any CPU
		{AFB4FB64-6C2A-412B-8843-3BB490AF32BF}.Debug|Any CPU.Build.0 = Debug|Any CPU
		{AFB4FB64-6C2A-412B-8843-3BB490AF32BF}.Release|Any CPU.ActiveCfg = Release|Any CPU
		{AFB4FB64-6C2A-412B-8843-3BB490AF32BF}.Release|Any CPU.Build.0 = Release|Any CPU
		{C2972659-784A-4941-8D1E-8FCF49B8F6CD}.Debug|Any CPU.ActiveCfg = Debug|Any CPU
		{C2972659-784A-4941-8D1E-8FCF49B8F6CD}.Debug|Any CPU.Build.0 = Debug|Any CPU
		{C2972659-784A-4941-8D1E-8FCF49B8F6CD}.Release|Any CPU.ActiveCfg = Release|Any CPU
		{C2972659-784A-4941-8D1E-8FCF49B8F6CD}.Release|Any CPU.Build.0 = Release|Any CPU
	EndGlobalSection
	GlobalSection(SolutionProperties) = preSolution
		HideSolutionNode = FALSE
	EndGlobalSection
	GlobalSection(ExtensibilityGlobals) = postSolution
		SolutionGuid = {A59B6CE0-2A5F-4421-817B-FA5ADF8214AB}
	EndGlobalSection
EndGlobal
